schema: '2.0'
stages:
  prepare:
    cmd: python src/prepare.py data/data.xml
    deps:
    - path: data/data.xml
      md5: a304afb96060aad90176268345e10355
      size: 37891850
    - path: src/prepare.py
      md5: 51549a1c87b182ebdd785704f56ffaf1
      size: 1581
    params:
      params.yaml:
        prepare.seed: 20170428
        prepare.split: 0.2
    outs:
    - path: data/prepared
      md5: 20b786b6e6f80e2b3fcf17827ad18597.dir
      size: 23886319
      nfiles: 2
  featurize:
    cmd: python src/featurization.py data/prepared data/features
    deps:
    - path: data/prepared
      md5: 20b786b6e6f80e2b3fcf17827ad18597.dir
      size: 23886319
      nfiles: 2
    - path: src/featurization.py
      md5: 61c592707fd1b33e27819c87cf93f80a
      size: 2391
    params:
      params.yaml:
        featurize.max_features: 800
        featurize.ngrams: 2
    outs:
    - path: data/features
      md5: 0a3dccc619cfb0d60cf471286c2997d3.dir
      size: 9097820
      nfiles: 2
  train:
    cmd: python src/train.py data/features model.pkl
    deps:
    - path: data/features
      md5: 0a3dccc619cfb0d60cf471286c2997d3.dir
      size: 9097820
      nfiles: 2
    - path: src/train.py
      md5: 9ab95496b29b6ea3418bbf20b9fe3473
      size: 964
    params:
      params.yaml:
        train.min_split: 2
        train.n_est: 100
        train.seed: 20170428
    outs:
    - path: model.pkl
      md5: d8f3a0dd1223465f108423f8724b707c
      size: 5566799
  evaluate:
    cmd: python src/evaluate.py model.pkl data/features scores.json prc.json roc.json
    deps:
    - path: data/features
      md5: 0a3dccc619cfb0d60cf471286c2997d3.dir
      size: 9097820
      nfiles: 2
    - path: model.pkl
      md5: d8f3a0dd1223465f108423f8724b707c
      size: 5566799
    - path: src/evaluate.py
      md5: fb7b5209c9237ea6cf63550e5fe9b817
      size: 1943
    outs:
    - path: prc.json
      md5: 086013e37180e4e3c0d769c042ba9b03
      size: 6664
    - path: roc.json
      md5: 1c4188cb3effb528fd3556babe44b1ac
      size: 6206
    - path: scores.json
      md5: 62cd56426e5ccc0c97f28b29d5fcd332
      size: 76
