schema: '2.0'
stages:
  prepare:
    cmd: python src/prepare.py data/data.xml
    deps:
    - path: data/data.xml
      md5: a304afb96060aad90176268345e10355
      size: 37891850
    - path: src/prepare.py
      md5: 51549a1c87b182ebdd785704f56ffaf1
      size: 1581
    params:
      params.yaml:
        prepare.seed: 20170428
        prepare.split: 0.2
    outs:
    - path: data/prepared
      md5: 20b786b6e6f80e2b3fcf17827ad18597.dir
      size: 23886319
      nfiles: 2
  featurize:
    cmd: python src/featurization.py data/prepared data/features
    deps:
    - path: data/prepared
      md5: 20b786b6e6f80e2b3fcf17827ad18597.dir
      size: 23886319
      nfiles: 2
    - path: src/featurization.py
      md5: 61c592707fd1b33e27819c87cf93f80a
      size: 2391
    params:
      params.yaml:
        featurize.max_features: 400
        featurize.ngrams: 1
    outs:
    - path: data/features
      md5: c5e2bb24ac2ead7f78a4b01d71f87281.dir
      size: 6584744
      nfiles: 2
  train:
    cmd: python src/train.py data/features model.pkl
    deps:
    - path: data/features
      md5: c5e2bb24ac2ead7f78a4b01d71f87281.dir
      size: 6584744
      nfiles: 2
    - path: src/train.py
      md5: 9ab95496b29b6ea3418bbf20b9fe3473
      size: 964
    params:
      params.yaml:
        train.min_split: 2
        train.n_est: 100
        train.seed: 20170428
    outs:
    - path: model.pkl
      md5: e14b875696db6618cfdd2592a9c6c24a
      size: 5451455
  evaluate:
    cmd: python src/evaluate.py model.pkl data/features scores.json prc.json roc.json
    deps:
    - path: data/features
      md5: c5e2bb24ac2ead7f78a4b01d71f87281.dir
      size: 6584744
      nfiles: 2
    - path: model.pkl
      md5: e14b875696db6618cfdd2592a9c6c24a
      size: 5451455
    - path: src/evaluate.py
      md5: fb7b5209c9237ea6cf63550e5fe9b817
      size: 1943
    outs:
    - path: prc.json
      md5: 6fc8d82363c13c44f6e73f0ec44d4e83
      size: 7840
    - path: roc.json
      md5: 95904b7e847ff714c7d1f8336acea776
      size: 7108
    - path: scores.json
      md5: c7953337f6f9200f0f175f3b89d1b1ed
      size: 76
